
Microsoft Visual Studio Solution File, Format Version 12.00
# Visual Studio Version 17
VisualStudioVersion = 17.7.34031.279
MinimumVisualStudioVersion = 10.0.40219.1
Project("{FAE04EC0-301F-11D3-BF4B-00C04F79EFBC}") = "EjercicioC#", "EjercicioC#\EjercicioC#.csproj", "{989E5CD0-D49C-43FE-871D-BADAB65BA4EF}"
EndProject
Project("{FAE04EC0-301F-11D3-BF4B-00C04F79EFBC}") = "EntityFrameworkDB", "EntityFrameworkDB\EntityFrameworkDB.csproj", "{729860FE-EE68-4E27-9089-17D1109ACAA0}"
EndProject
Global
	GlobalSection(SolutionConfigurationPlatforms) = preSolution
		Debug|Any CPU = Debug|Any CPU
		Release|Any CPU = Release|Any CPU
	EndGlobalSection
	GlobalSection(ProjectConfigurationPlatforms) = postSolution
		{989E5CD0-D49C-43FE-871D-BADAB65BA4EF}.Debug|Any CPU.ActiveCfg = Debug|Any CPU
		{989E5CD0-D49C-43FE-871D-BADAB65BA4EF}.Debug|Any CPU.Build.0 = Debug|Any CPU
		{989E5CD0-D49C-43FE-871D-BADAB65BA4EF}.Release|Any CPU.ActiveCfg = Release|Any CPU
		{989E5CD0-D49C-43FE-871D-BADAB65BA4EF}.Release|Any CPU.Build.0 = Release|Any CPU
		{729860FE-EE68-4E27-9089-17D1109ACAA0}.Debug|Any CPU.ActiveCfg = Debug|Any CPU
		{729860FE-EE68-4E27-9089-17D1109ACAA0}.Debug|Any CPU.Build.0 = Debug|Any CPU
		{729860FE-EE68-4E27-9089-17D1109ACAA0}.Release|Any CPU.ActiveCfg = Release|Any CPU
		{729860FE-EE68-4E27-9089-17D1109ACAA0}.Release|Any CPU.Build.0 = Release|Any CPU
	EndGlobalSection
	GlobalSection(SolutionProperties) = preSolution
		HideSolutionNode = FALSE
	EndGlobalSection
	GlobalSection(ExtensibilityGlobals) = postSolution
		SolutionGuid = {02920A56-016C-4C97-83BF-BD057E68070D}
	EndGlobalSection
EndGlobal
